// !$*UTF8*$!
{
	archiveVersion = 1;
	classes = {
	};
	objectVersion = 56;
	objects = {

/* Begin PBXBuildFile section */
		23AFF5122C0775C30005EF4C /* Post.swift in Sources */ = {isa = PBXBuildFile; fileRef = 23AFF5112C0775C30005EF4C /* Post.swift */; };
		23AFF5142C0776020005EF4C /* PostModel.swift in Sources */ = {isa = PBXBuildFile; fileRef = 23AFF5132C0776020005EF4C /* PostModel.swift */; };
		23AFF5162C0776750005EF4C /* PostTableViewCell.swift in Sources */ = {isa = PBXBuildFile; fileRef = 23AFF5152C0776750005EF4C /* PostTableViewCell.swift */; };
		23AFF5182C0776D30005EF4C /* PostDetailViewController.swift in Sources */ = {isa = PBXBuildFile; fileRef = 23AFF5172C0776D30005EF4C /* PostDetailViewController.swift */; };
		23AFF51B2C07771E0005EF4C /* ComputationCache.swift in Sources */ = {isa = PBXBuildFile; fileRef = 23AFF51A2C07771E0005EF4C /* ComputationCache.swift */; };
		23D9CFDA2C0770EB00FC7023 /* AppDelegate.swift in Sources */ = {isa = PBXBuildFile; fileRef = 23D9CFD92C0770EB00FC7023 /* AppDelegate.swift */; };
		23D9CFDC2C0770EB00FC7023 /* SceneDelegate.swift in Sources */ = {isa = PBXBuildFile; fileRef = 23D9CFDB2C0770EB00FC7023 /* SceneDelegate.swift */; };
		23D9CFDE2C0770EB00FC7023 /* ViewController.swift in Sources */ = {isa = PBXBuildFile; fileRef = 23D9CFDD2C0770EB00FC7023 /* ViewController.swift */; };
		23D9CFE12C0770EB00FC7023 /* Main.storyboard in Resources */ = {isa = PBXBuildFile; fileRef = 23D9CFDF2C0770EB00FC7023 /* Main.storyboard */; };
		23D9CFE32C0770F000FC7023 /* Assets.xcassets in Resources */ = {isa = PBXBuildFile; fileRef = 23D9CFE22C0770F000FC7023 /* Assets.xcassets */; };
		23D9CFE62C0770F000FC7023 /* LaunchScreen.storyboard in Resources */ = {isa = PBXBuildFile; fileRef = 23D9CFE42C0770F000FC7023 /* LaunchScreen.storyboard */; };
/* End PBXBuildFile section */

/* Begin PBXFileReference section */
		23AFF5112C0775C30005EF4C /* Post.swift */ = {isa = PBXFileReference; lastKnownFileType = sourcecode.swift; path = Post.swift; sourceTree = "<group>"; };
		23AFF5132C0776020005EF4C /* PostModel.swift */ = {isa = PBXFileReference; lastKnownFileType = sourcecode.swift; path = PostModel.swift; sourceTree = "<group>"; };
		23AFF5152C0776750005EF4C /* PostTableViewCell.swift */ = {isa = PBXFileReference; lastKnownFileType = sourcecode.swift; path = PostTableViewCell.swift; sourceTree = "<group>"; };
		23AFF5172C0776D30005EF4C /* PostDetailViewController.swift */ = {isa = PBXFileReference; lastKnownFileType = sourcecode.swift; path = PostDetailViewController.swift; sourceTree = "<group>"; };
		23AFF51A2C07771E0005EF4C /* ComputationCache.swift */ = {isa = PBXFileReference; lastKnownFileType = sourcecode.swift; path = ComputationCache.swift; sourceTree = "<group>"; };
		23D9CFD62C0770EB00FC7023 /* TableViewDemoTest.app */ = {isa = PBXFileReference; explicitFileType = wrapper.application; includeInIndex = 0; path = TableViewDemoTest.app; sourceTree = BUILT_PRODUCTS_DIR; };
		23D9CFD92C0770EB00FC7023 /* AppDelegate.swift */ = {isa = PBXFileReference; lastKnownFileType = sourcecode.swift; path = AppDelegate.swift; sourceTree = "<group>"; };
		23D9CFDB2C0770EB00FC7023 /* SceneDelegate.swift */ = {isa = PBXFileReference; lastKnownFileType = sourcecode.swift; path = SceneDelegate.swift; sourceTree = "<group>"; };
		23D9CFDD2C0770EB00FC7023 /* ViewController.swift */ = {isa = PBXFileReference; lastKnownFileType = sourcecode.swift; path = ViewController.swift; sourceTree = "<group>"; };
		23D9CFE02C0770EB00FC7023 /* Base */ = {isa = PBXFileReference; lastKnownFileType = file.storyboard; name = Base; path = Base.lproj/Main.storyboard; sourceTree = "<group>"; };
		23D9CFE22C0770F000FC7023 /* Assets.xcassets */ = {isa = PBXFileReference; lastKnownFileType = folder.assetcatalog; path = Assets.xcassets; sourceTree = "<group>"; };
		23D9CFE52C0770F000FC7023 /* Base */ = {isa = PBXFileReference; lastKnownFileType = file.storyboard; name = Base; path = Base.lproj/LaunchScreen.storyboard; sourceTree = "<group>"; };
		23D9CFE72C0770F000FC7023 /* Info.plist */ = {isa = PBXFileReference; lastKnownFileType = text.plist.xml; path = Info.plist; sourceTree = "<group>"; };
/* End PBXFileReference section */

/* Begin PBXFrameworksBuildPhase section */
		23D9CFD32C0770EB00FC7023 /* Frameworks */ = {
			isa = PBXFrameworksBuildPhase;
			buildActionMask = 2147483647;
			files = (
			);
			runOnlyForDeploymentPostprocessing = 0;
		};
/* End PBXFrameworksBuildPhase section */

/* Begin PBXGroup section */
		23AFF5192C07770B0005EF4C /* Common */ = {
			isa = PBXGroup;
			children = (
				23AFF51A2C07771E0005EF4C /* ComputationCache.swift */,
			);
			path = Common;
			sourceTree = "<group>";
		};
		23D9CFCD2C0770EB00FC7023 = {
			isa = PBXGroup;
			children = (
				23D9CFD82C0770EB00FC7023 /* TableViewDemoTest */,
				23D9CFD72C0770EB00FC7023 /* Products */,
			);
			sourceTree = "<group>";
		};
		23D9CFD72C0770EB00FC7023 /* Products */ = {
			isa = PBXGroup;
			children = (
				23D9CFD62C0770EB00FC7023 /* TableViewDemoTest.app */,
			);
			name = Products;
			sourceTree = "<group>";
		};
		23D9CFD82C0770EB00FC7023 /* TableViewDemoTest */ = {
			isa = PBXGroup;
			children = (
				23D9CFED2C07718400FC7023 /* Core */,
				23D9CFF02C0772FA00FC7023 /* Model */,
				23D9CFF12C07731300FC7023 /* ViewModel */,
				23D9CFEE2C0771C000FC7023 /* Controller */,
				23AFF5192C07770B0005EF4C /* Common */,
				23D9CFEF2C07721100FC7023 /* Storyboard */,
				23D9CFE22C0770F000FC7023 /* Assets.xcassets */,
				23D9CFE72C0770F000FC7023 /* Info.plist */,
			);
			path = TableViewDemoTest;
			sourceTree = "<group>";
		};
		23D9CFED2C07718400FC7023 /* Core */ = {
			isa = PBXGroup;
			children = (
				23D9CFD92C0770EB00FC7023 /* AppDelegate.swift */,
				23D9CFDB2C0770EB00FC7023 /* SceneDelegate.swift */,
			);
			path = Core;
			sourceTree = "<group>";
		};
		23D9CFEE2C0771C000FC7023 /* Controller */ = {
			isa = PBXGroup;
			children = (
				23D9CFDD2C0770EB00FC7023 /* ViewController.swift */,
				23AFF5152C0776750005EF4C /* PostTableViewCell.swift */,
				23AFF5172C0776D30005EF4C /* PostDetailViewController.swift */,
			);
			path = Controller;
			sourceTree = "<group>";
		};
		23D9CFEF2C07721100FC7023 /* Storyboard */ = {
			isa = PBXGroup;
			children = (
				23D9CFDF2C0770EB00FC7023 /* Main.storyboard */,
				23D9CFE42C0770F000FC7023 /* LaunchScreen.storyboard */,
			);
			path = Storyboard;
			sourceTree = "<group>";
		};
		23D9CFF02C0772FA00FC7023 /* Model */ = {
			isa = PBXGroup;
			children = (
				23AFF5112C0775C30005EF4C /* Post.swift */,
			);
			path = Model;
			sourceTree = "<group>";
		};
		23D9CFF12C07731300FC7023 /* ViewModel */ = {
			isa = PBXGroup;
			children = (
				23AFF5132C0776020005EF4C /* PostModel.swift */,
			);
			path = ViewModel;
			sourceTree = "<group>";
		};
/* End PBXGroup section */

/* Begin PBXNativeTarget section */
		23D9CFD52C0770EB00FC7023 /* TableViewDemoTest */ = {
			isa = PBXNativeTarget;
			buildConfigurationList = 23D9CFEA2C0770F000FC7023 /* Build configuration list for PBXNativeTarget "TableViewDemoTest" */;
			buildPhases = (
				23D9CFD22C0770EB00FC7023 /* Sources */,
				23D9CFD32C0770EB00FC7023 /* Frameworks */,
				23D9CFD42C0770EB00FC7023 /* Resources */,
			);
			buildRules = (
			);
			dependencies = (
			);
			name = TableViewDemoTest;
			productName = TableViewDemoTest;
			productReference = 23D9CFD62C0770EB00FC7023 /* TableViewDemoTest.app */;
			productType = "com.apple.product-type.application";
		};
/* End PBXNativeTarget section */

/* Begin PBXProject section */
		23D9CFCE2C0770EB00FC7023 /* Project object */ = {
			isa = PBXProject;
			attributes = {
				BuildIndependentTargetsInParallel = 1;
				LastSwiftUpdateCheck = 1420;
				LastUpgradeCheck = 1420;
				TargetAttributes = {
					23D9CFD52C0770EB00FC7023 = {
						CreatedOnToolsVersion = 14.2;
					};
				};
			};
			buildConfigurationList = 23D9CFD12C0770EB00FC7023 /* Build configuration list for PBXProject "TableViewDemoTest" */;
			compatibilityVersion = "Xcode 14.0";
			developmentRegion = en;
			hasScannedForEncodings = 0;
			knownRegions = (
				en,
				Base,
			);
			mainGroup = 23D9CFCD2C0770EB00FC7023;
			productRefGroup = 23D9CFD72C0770EB00FC7023 /* Products */;
			projectDirPath = "";
			projectRoot = "";
			targets = (
				23D9CFD52C0770EB00FC7023 /* TableViewDemoTest */,
			);
		};
/* End PBXProject section */

/* Begin PBXResourcesBuildPhase section */
		23D9CFD42C0770EB00FC7023 /* Resources */ = {
			isa = PBXResourcesBuildPhase;
			buildActionMask = 2147483647;
			files = (
				23D9CFE62C0770F000FC7023 /* LaunchScreen.storyboard in Resources */,
				23D9CFE32C0770F000FC7023 /* Assets.xcassets in Resources */,
				23D9CFE12C0770EB00FC7023 /* Main.storyboard in Resources */,
			);
			runOnlyForDeploymentPostprocessing = 0;
		};
/* End PBXResourcesBuildPhase section */

/* Begin PBXSourcesBuildPhase section */
		23D9CFD22C0770EB00FC7023 /* Sources */ = {
			isa = PBXSourcesBuildPhase;
			buildActionMask = 2147483647;
			files = (
				23D9CFDE2C0770EB00FC7023 /* ViewController.swift in Sources */,
				23AFF5182C0776D30005EF4C /* PostDetailViewController.swift in Sources */,
				23AFF5142C0776020005EF4C /* PostModel.swift in Sources */,
				23D9CFDA2C0770EB00FC7023 /* AppDelegate.swift in Sources */,
				23D9CFDC2C0770EB00FC7023 /* SceneDelegate.swift in Sources */,
				23AFF51B2C07771E0005EF4C /* ComputationCache.swift in Sources */,
				23AFF5122C0775C30005EF4C /* Post.swift in Sources */,
				23AFF5162C0776750005EF4C /* PostTableViewCell.swift in Sources */,
			);
			runOnlyForDeploymentPostprocessing = 0;
		};
/* End PBXSourcesBuildPhase section */

/* Begin PBXVariantGroup section */
		23D9CFDF2C0770EB00FC7023 /* Main.storyboard */ = {
			isa = PBXVariantGroup;
			children = (
				23D9CFE02C0770EB00FC7023 /* Base */,
			);
			name = Main.storyboard;
			sourceTree = "<group>";
		};
		23D9CFE42C0770F000FC7023 /* LaunchScreen.storyboard */ = {
			isa = PBXVariantGroup;
			children = (
				23D9CFE52C0770F000FC7023 /* Base */,
			);
			name = LaunchScreen.storyboard;
			sourceTree = "<group>";
		};
/* End PBXVariantGroup section */

/* Begin XCBuildConfiguration section */
		23D9CFE82C0770F000FC7023 /* Debug */ = {
			isa = XCBuildConfiguration;
			buildSettings = {
				ALWAYS_SEARCH_USER_PATHS = NO;
				CLANG_ANALYZER_NONNULL = YES;
				CLANG_ANALYZER_NUMBER_OBJECT_CONVERSION = YES_AGGRESSIVE;
				CLANG_CXX_LANGUAGE_STANDARD = "gnu++20";
				CLANG_ENABLE_MODULES = YES;
				CLANG_ENABLE_OBJC_ARC = YES;
				CLANG_ENABLE_OBJC_WEAK = YES;
				CLANG_WARN_BLOCK_CAPTURE_AUTORELEASING = YES;
				CLANG_WARN_BOOL_CONVERSION = YES;
				CLANG_WARN_COMMA = YES;
				CLANG_WARN_CONSTANT_CONVERSION = YES;
				CLANG_WARN_DEPRECATED_OBJC_IMPLEMENTATIONS = YES;
				CLANG_WARN_DIRECT_OBJC_ISA_USAGE = YES_ERROR;
				CLANG_WARN_DOCUMENTATION_COMMENTS = YES;
				CLANG_WARN_EMPTY_BODY = YES;
				CLANG_WARN_ENUM_CONVERSION = YES;
				CLANG_WARN_INFINITE_RECURSION = YES;
				CLANG_WARN_INT_CONVERSION = YES;
				CLANG_WARN_NON_LITERAL_NULL_CONVERSION = YES;
				CLANG_WARN_OBJC_IMPLICIT_RETAIN_SELF = YES;
				CLANG_WARN_OBJC_LITERAL_CONVERSION = YES;
				CLANG_WARN_OBJC_ROOT_CLASS = YES_ERROR;
				CLANG_WARN_QUOTED_INCLUDE_IN_FRAMEWORK_HEADER = YES;
				CLANG_WARN_RANGE_LOOP_ANALYSIS = YES;
				CLANG_WARN_STRICT_PROTOTYPES = YES;
				CLANG_WARN_SUSPICIOUS_MOVE = YES;
				CLANG_WARN_UNGUARDED_AVAILABILITY = YES_AGGRESSIVE;
				CLANG_WARN_UNREACHABLE_CODE = YES;
				CLANG_WARN__DUPLICATE_METHOD_MATCH = YES;
				COPY_PHASE_STRIP = NO;
				DEBUG_INFORMATION_FORMAT = dwarf;
				ENABLE_STRICT_OBJC_MSGSEND = YES;
				ENABLE_TESTABILITY = YES;
				GCC_C_LANGUAGE_STANDARD = gnu11;
				GCC_DYNAMIC_NO_PIC = NO;
				GCC_NO_COMMON_BLOCKS = YES;
				GCC_OPTIMIZATION_LEVEL = 0;
				GCC_PREPROCESSOR_DEFINITIONS = (
					"DEBUG=1",
					"$(inherited)",
				);
				GCC_WARN_64_TO_32_BIT_CONVERSION = YES;
				GCC_WARN_ABOUT_RETURN_TYPE = YES_ERROR;
				GCC_WARN_UNDECLARED_SELECTOR = YES;
				GCC_WARN_UNINITIALIZED_AUTOS = YES_AGGRESSIVE;
				GCC_WARN_UNUSED_FUNCTION = YES;
				GCC_WARN_UNUSED_VARIABLE = YES;
				IPHONEOS_DEPLOYMENT_TARGET = 16.2;
				MTL_ENABLE_DEBUG_INFO = INCLUDE_SOURCE;
				MTL_FAST_MATH = YES;
				ONLY_ACTIVE_ARCH = YES;
				SDKROOT = iphoneos;
				SWIFT_ACTIVE_COMPILATION_CONDITIONS = DEBUG;
				SWIFT_OPTIMIZATION_LEVEL = "-Onone";
			};
			name = Debug;
		};
		23D9CFE92C0770F000FC7023 /* Release */ = {
			isa = XCBuildConfiguration;
			buildSettings = {
				ALWAYS_SEARCH_USER_PATHS = NO;
				CLANG_ANALYZER_NONNULL = YES;
				CLANG_ANALYZER_NUMBER_OBJECT_CONVERSION = YES_AGGRESSIVE;
				CLANG_CXX_LANGUAGE_STANDARD = "gnu++20";
				CLANG_ENABLE_MODULES = YES;
				CLANG_ENABLE_OBJC_ARC = YES;
				CLANG_ENABLE_OBJC_WEAK = YES;
				CLANG_WARN_BLOCK_CAPTURE_AUTORELEASING = YES;
				CLANG_WARN_BOOL_CONVERSION = YES;
				CLANG_WARN_COMMA = YES;
				CLANG_WARN_CONSTANT_CONVERSION = YES;
				CLANG_WARN_DEPRECATED_OBJC_IMPLEMENTATIONS = YES;
				CLANG_WARN_DIRECT_OBJC_ISA_USAGE = YES_ERROR;
				CLANG_WARN_DOCUMENTATION_COMMENTS = YES;
				CLANG_WARN_EMPTY_BODY = YES;
				CLANG_WARN_ENUM_CONVERSION = YES;
				CLANG_WARN_INFINITE_RECURSION = YES;
				CLANG_WARN_INT_CONVERSION = YES;
				CLANG_WARN_NON_LITERAL_NULL_CONVERSION = YES;
				CLANG_WARN_OBJC_IMPLICIT_RETAIN_SELF = YES;
				CLANG_WARN_OBJC_LITERAL_CONVERSION = YES;
				CLANG_WARN_OBJC_ROOT_CLASS = YES_ERROR;
				CLANG_WARN_QUOTED_INCLUDE_IN_FRAMEWORK_HEADER = YES;
				CLANG_WARN_RANGE_LOOP_ANALYSIS = YES;
				CLANG_WARN_STRICT_PROTOTYPES = YES;
				CLANG_WARN_SUSPICIOUS_MOVE = YES;
				CLANG_WARN_UNGUARDED_AVAILABILITY = YES_AGGRESSIVE;
				CLANG_WARN_UNREACHABLE_CODE = YES;
				CLANG_WARN__DUPLICATE_METHOD_MATCH = YES;
				COPY_PHASE_STRIP = NO;
				DEBUG_INFORMATION_FORMAT = "dwarf-with-dsym";
				ENABLE_NS_ASSERTIONS = NO;
				ENABLE_STRICT_OBJC_MSGSEND = YES;
				GCC_C_LANGUAGE_STANDARD = gnu11;
				GCC_NO_COMMON_BLOCKS = YES;
				GCC_WARN_64_TO_32_BIT_CONVERSION = YES;
				GCC_WARN_ABOUT_RETURN_TYPE = YES_ERROR;
				GCC_WARN_UNDECLARED_SELECTOR = YES;
				GCC_WARN_UNINITIALIZED_AUTOS = YES_AGGRESSIVE;
				GCC_WARN_UNUSED_FUNCTION = YES;
				GCC_WARN_UNUSED_VARIABLE = YES;
				IPHONEOS_DEPLOYMENT_TARGET = 16.2;
				MTL_ENABLE_DEBUG_INFO = NO;
				MTL_FAST_MATH = YES;
				SDKROOT = iphoneos;
				SWIFT_COMPILATION_MODE = wholemodule;
				SWIFT_OPTIMIZATION_LEVEL = "-O";
				VALIDATE_PRODUCT = YES;
			};
			name = Release;
		};
		23D9CFEB2C0770F000FC7023 /* Debug */ = {
			isa = XCBuildConfiguration;
			buildSettings = {
				ASSETCATALOG_COMPILER_APPICON_NAME = AppIcon;
				ASSETCATALOG_COMPILER_GLOBAL_ACCENT_COLOR_NAME = AccentColor;
				CODE_SIGN_STYLE = Automatic;
				CURRENT_PROJECT_VERSION = 1;
				DEVELOPMENT_TEAM = 4H8A83QQEE;
				GENERATE_INFOPLIST_FILE = YES;
				INFOPLIST_FILE = TableViewDemoTest/Info.plist;
				INFOPLIST_KEY_UIApplicationSupportsIndirectInputEvents = YES;
				INFOPLIST_KEY_UILaunchStoryboardName = LaunchScreen;
				INFOPLIST_KEY_UIMainStoryboardFile = Main;
				INFOPLIST_KEY_UISupportedInterfaceOrientations_iPad = "UIInterfaceOrientationPortrait UIInterfaceOrientationPortraitUpsideDown UIInterfaceOrientationLandscapeLeft UIInterfaceOrientationLandscapeRight";
				INFOPLIST_KEY_UISupportedInterfaceOrientations_iPhone = "UIInterfaceOrientationPortrait UIInterfaceOrientationLandscapeLeft UIInterfaceOrientationLandscapeRight";
				LD_RUNPATH_SEARCH_PATHS = (
					"$(inherited)",
					"@executable_path/Frameworks",
				);
				MARKETING_VERSION = 1.0;
				PRODUCT_BUNDLE_IDENTIFIER = ashwini.TableViewDemoTest;
				PRODUCT_NAME = "$(TARGET_NAME)";
				SWIFT_EMIT_LOC_STRINGS = YES;
				SWIFT_VERSION = 5.0;
				TARGETED_DEVICE_FAMILY = "1,2";
			};
			name = Debug;
		};
		23D9CFEC2C0770F000FC7023 /* Release */ = {
			isa = XCBuildConfiguration;
			buildSettings = {
				ASSETCATALOG_COMPILER_APPICON_NAME = AppIcon;
				ASSETCATALOG_COMPILER_GLOBAL_ACCENT_COLOR_NAME = AccentColor;
				CODE_SIGN_STYLE = Automatic;
				CURRENT_PROJECT_VERSION = 1;
				DEVELOPMENT_TEAM = 4H8A83QQEE;
				GENERATE_INFOPLIST_FILE = YES;
				INFOPLIST_FILE = TableViewDemoTest/Info.plist;
				INFOPLIST_KEY_UIApplicationSupportsIndirectInputEvents = YES;
				INFOPLIST_KEY_UILaunchStoryboardName = LaunchScreen;
				INFOPLIST_KEY_UIMainStoryboardFile = Main;
				INFOPLIST_KEY_UISupportedInterfaceOrientations_iPad = "UIInterfaceOrientationPortrait UIInterfaceOrientationPortraitUpsideDown UIInterfaceOrientationLandscapeLeft UIInterfaceOrientationLandscapeRight";
				INFOPLIST_KEY_UISupportedInterfaceOrientations_iPhone = "UIInterfaceOrientationPortrait UIInterfaceOrientationLandscapeLeft UIInterfaceOrientationLandscapeRight";
				LD_RUNPATH_SEARCH_PATHS = (
					"$(inherited)",
					"@executable_path/Frameworks",
				);
				MARKETING_VERSION = 1.0;
				PRODUCT_BUNDLE_IDENTIFIER = ashwini.TableViewDemoTest;
				PRODUCT_NAME = "$(TARGET_NAME)";
				SWIFT_EMIT_LOC_STRINGS = YES;
				SWIFT_VERSION = 5.0;
				TARGETED_DEVICE_FAMILY = "1,2";
			};
			name = Release;
		};
/* End XCBuildConfiguration section */

/* Begin XCConfigurationList section */
		23D9CFD12C0770EB00FC7023 /* Build configuration list for PBXProject "TableViewDemoTest" */ = {
			isa = XCConfigurationList;
			buildConfigurations = (
				23D9CFE82C0770F000FC7023 /* Debug */,
				23D9CFE92C0770F000FC7023 /* Release */,
			);
			defaultConfigurationIsVisible = 0;
			defaultConfigurationName = Release;
		};
		23D9CFEA2C0770F000FC7023 /* Build configuration list for PBXNativeTarget "TableViewDemoTest" */ = {
			isa = XCConfigurationList;
			buildConfigurations = (
				23D9CFEB2C0770F000FC7023 /* Debug */,
				23D9CFEC2C0770F000FC7023 /* Release */,
			);
			defaultConfigurationIsVisible = 0;
			defaultConfigurationName = Release;
		};
/* End XCConfigurationList section */
	};
	rootObject = 23D9CFCE2C0770EB00FC7023 /* Project object */;
}
